
Microsoft Visual Studio Solution File, Format Version 12.00
Project("{FAE04EC0-301F-11D3-BF4B-00C04F79EFBC}") = "api", "api\api.csproj", "{DD7A0612-0BAA-45F3-A94C-EFB1981BA137}"
EndProject
Project("{2150E333-8FDC-42A3-9474-1A3956D46DE8}") = "Solution Items", "Solution Items", "{C303D62A-FF76-4BD0-8D96-E789E5D5CEF8}"
	ProjectSection(SolutionItems) = preProject
		docker-compose.yml = docker-compose.yml
	EndProjectSection
EndProject
Global
	GlobalSection(SolutionConfigurationPlatforms) = preSolution
		Debug|Any CPU = Debug|Any CPU
		Release|Any CPU = Release|Any CPU
	EndGlobalSection
	GlobalSection(ProjectConfigurationPlatforms) = postSolution
		{DD7A0612-0BAA-45F3-A94C-EFB1981BA137}.Debug|Any CPU.ActiveCfg = Debug|Any CPU
		{DD7A0612-0BAA-45F3-A94C-EFB1981BA137}.Debug|Any CPU.Build.0 = Debug|Any CPU
		{DD7A0612-0BAA-45F3-A94C-EFB1981BA137}.Release|Any CPU.ActiveCfg = Release|Any CPU
		{DD7A0612-0BAA-45F3-A94C-EFB1981BA137}.Release|Any CPU.Build.0 = Release|Any CPU
	EndGlobalSection
EndGlobal
